github.com/tsvsheet/theme.tsvsheet v0.1.0 h1:qe+/0V5a6QUDQgeLgi0+2BITYojfGBInV8vHoHHsRLQ=
github.com/tsvsheet/theme.tsvsheet v0.1.0/go.mod h1:iZwyP3J4HbwRY8fR5BFxlYyLFQnmu7b5uEO5xqStAuc=
github.com/tsvsheet/theme.tsvsheet v0.2.0 h1:LEccKQPLvMmNdwINlosXmHLWV2H1/rWcSklkRU9lxBg=
github.com/tsvsheet/theme.tsvsheet v0.2.0/go.mod h1:iZwyP3J4HbwRY8fR5BFxlYyLFQnmu7b5uEO5xqStAuc=
